{
  "version": 4,
  "terraform_version": "1.12.2",
  "serial": 37,
  "lineage": "aacbcbee-66b1-0d58-f3c1-149cccaa8a3a",
  "outputs": {
    "deployer_service_account_email": {
      "value": "gh-deployer@canary-462412.iam.gserviceaccount.com",
      "type": "string"
    }
  },
  "resources": [
    {
      "mode": "managed",
      "type": "google_project_iam_member",
      "name": "ci_deployer_artifact_writer",
      "provider": "provider[\"registry.terraform.io/hashicorp/google\"]",
      "instances": [
        {
          "schema_version": 0,
          "attributes": {
            "condition": [],
            "etag": "BwY71CYIf2I=",
            "id": "canary-462412/roles/artifactregistry.writer/serviceAccount:gh-deployer@canary-462412.iam.gserviceaccount.com",
            "member": "serviceAccount:gh-deployer@canary-462412.iam.gserviceaccount.com",
            "project": "canary-462412",
            "role": "roles/artifactregistry.writer"
          },
          "sensitive_attributes": [],
          "identity_schema_version": 0,
          "private": "bnVsbA==",
          "dependencies": [
            "google_service_account.ci_deployer"
          ]
        }
      ]
    },
    {
      "mode": "managed",
      "type": "google_project_iam_member",
      "name": "ci_deployer_run_admin",
      "provider": "provider[\"registry.terraform.io/hashicorp/google\"]",
      "instances": [
        {
          "schema_version": 0,
          "attributes": {
            "condition": [],
            "etag": "BwY71CYIf2I=",
            "id": "canary-462412/roles/run.admin/serviceAccount:gh-deployer@canary-462412.iam.gserviceaccount.com",
            "member": "serviceAccount:gh-deployer@canary-462412.iam.gserviceaccount.com",
            "project": "canary-462412",
            "role": "roles/run.admin"
          },
          "sensitive_attributes": [],
          "identity_schema_version": 0,
          "private": "bnVsbA==",
          "dependencies": [
            "google_service_account.ci_deployer"
          ]
        }
      ]
    },
    {
      "mode": "managed",
      "type": "google_service_account",
      "name": "ci_deployer",
      "provider": "provider[\"registry.terraform.io/hashicorp/google\"]",
      "instances": [
        {
          "schema_version": 0,
          "attributes": {
            "account_id": "gh-deployer",
            "create_ignore_already_exists": null,
            "description": "",
            "disabled": false,
            "display_name": "GitHub Actions Deployer",
            "email": "gh-deployer@canary-462412.iam.gserviceaccount.com",
            "id": "projects/canary-462412/serviceAccounts/gh-deployer@canary-462412.iam.gserviceaccount.com",
            "member": "serviceAccount:gh-deployer@canary-462412.iam.gserviceaccount.com",
            "name": "projects/canary-462412/serviceAccounts/gh-deployer@canary-462412.iam.gserviceaccount.com",
            "project": "canary-462412",
            "timeouts": null,
            "unique_id": "109359981663611221034"
          },
          "sensitive_attributes": [],
          "identity_schema_version": 0,
          "private": "eyJlMmJmYjczMC1lY2FhLTExZTYtOGY4OC0zNDM2M2JjN2M0YzAiOnsiY3JlYXRlIjozMDAwMDAwMDAwMDB9fQ=="
        }
      ]
    },
    {
      "mode": "managed",
      "type": "google_service_account_iam_member",
      "name": "ci_deployer_actas_runtime",
      "provider": "provider[\"registry.terraform.io/hashicorp/google\"]",
      "instances": [
        {
          "schema_version": 0,
          "attributes": {
            "condition": [],
            "etag": "BwY71D6mNhw=",
            "id": "projects/canary-462412/serviceAccounts/277166024460-compute@developer.gserviceaccount.com/roles/iam.serviceAccountUser/serviceAccount:gh-deployer@canary-462412.iam.gserviceaccount.com",
            "member": "serviceAccount:gh-deployer@canary-462412.iam.gserviceaccount.com",
            "role": "roles/iam.serviceAccountUser",
            "service_account_id": "projects/canary-462412/serviceAccounts/277166024460-compute@developer.gserviceaccount.com"
          },
          "sensitive_attributes": [],
          "identity_schema_version": 0,
          "private": "bnVsbA==",
          "dependencies": [
            "google_service_account.ci_deployer"
          ]
        }
      ]
    },
    {
      "mode": "managed",
      "type": "google_storage_bucket",
      "name": "canary_project_images",
      "provider": "provider[\"registry.terraform.io/hashicorp/google\"]",
      "instances": [
        {
          "schema_version": 3,
          "attributes": {
            "autoclass": [],
            "cors": [],
            "custom_placement_config": [],
            "default_event_based_hold": false,
            "effective_labels": {
              "goog-terraform-provisioned": "true"
            },
            "enable_object_retention": false,
            "encryption": [],
            "force_destroy": false,
            "id": "canary-project-images",
            "labels": {},
            "lifecycle_rule": [],
            "location": "AUSTRALIA-SOUTHEAST2",
            "logging": [],
            "name": "canary-project-images",
            "project": "canary-462412",
            "project_number": 277166024460,
            "public_access_prevention": "enforced",
            "requester_pays": false,
            "retention_policy": [],
            "rpo": null,
            "self_link": "https://www.googleapis.com/storage/v1/b/canary-project-images",
            "soft_delete_policy": [
              {
                "effective_time": "2025-08-08T03:46:37.968Z",
                "retention_duration_seconds": 604800
              }
            ],
            "storage_class": "STANDARD",
            "terraform_labels": {
              "goog-terraform-provisioned": "true"
            },
            "timeouts": null,
            "uniform_bucket_level_access": true,
            "url": "gs://canary-project-images",
            "versioning": [],
            "website": []
          },
          "sensitive_attributes": [],
          "identity_schema_version": 0,
          "private": "eyJlMmJmYjczMC1lY2FhLTExZTYtOGY4OC0zNDM2M2JjN2M0YzAiOnsiY3JlYXRlIjo2MDAwMDAwMDAwMDAsInJlYWQiOjI0MDAwMDAwMDAwMCwidXBkYXRlIjoyNDAwMDAwMDAwMDB9LCJzY2hlbWFfdmVyc2lvbiI6IjMifQ=="
        }
      ]
    }
  ],
  "check_results": null
}
